
Microsoft Visual Studio Solution File, Format Version 12.00
# Visual Studio Version 17
VisualStudioVersion = 17.0.31903.59
MinimumVisualStudioVersion = 10.0.40219.1
Project("{2150E333-8FDC-42A3-9474-1A3956D46DE8}") = "src", "src", "{5372B314-2F3D-4F6B-AAB2-06B54F6FBE47}"
EndProject
Project("{2150E333-8FDC-42A3-9474-1A3956D46DE8}") = "misc", "misc", "{FC2446A7-470C-4231-8995-329CCBB16B6E}"
	ProjectSection(SolutionItems) = preProject
		.gitignore = .gitignore
		misc\README.md = misc\README.md
		docker-compose.yaml = docker-compose.yaml
		.config\dotnet-tools.json = .config\dotnet-tools.json
	EndProjectSection
EndProject
Project("{2150E333-8FDC-42A3-9474-1A3956D46DE8}") = "services", "services", "{AE555AE7-2CCE-4D57-8CE3-348D435CE569}"
EndProject
Project("{2150E333-8FDC-42A3-9474-1A3956D46DE8}") = "Cart&Wishlist", "Cart&Wishlist", "{93354072-1DD2-468C-99DA-C3124CAA8679}"
EndProject
Project("{FAE04EC0-301F-11D3-BF4B-00C04F79EFBC}") = "CartAndWishlist.Domain", "src\services\Cart&Wishlist\CartAndWishlist.Domain\CartAndWishlist.Domain.csproj", "{4712E4A1-6072-4BF9-A0BA-9AF52A5F6E7B}"
EndProject
Project("{FAE04EC0-301F-11D3-BF4B-00C04F79EFBC}") = "CartAndWishlist.DAL", "src\services\Cart&Wishlist\CartAndWishlist.DAL\CartAndWishlist.DAL.csproj", "{4D65E41D-CA0C-49CB-A383-1A9BAACF0E55}"
EndProject
Project("{FAE04EC0-301F-11D3-BF4B-00C04F79EFBC}") = "CartAndWishlist.BLL", "src\services\Cart&Wishlist\CartAndWishlist.BLL\CartAndWishlist.BLL.csproj", "{EE1DBE68-94F9-493A-B943-C4D06C6861ED}"
EndProject
Project("{FAE04EC0-301F-11D3-BF4B-00C04F79EFBC}") = "CartAndWishlist.API", "src\services\Cart&Wishlist\CartAndWishlist.API\CartAndWishlist.API.csproj", "{CEA723AD-2511-4725-AE34-F6D5BE74E0FB}"
EndProject
Project("{2150E333-8FDC-42A3-9474-1A3956D46DE8}") = "shared", "shared", "{A207E4FC-4357-479C-963C-0872AE3E66AD}"
EndProject
Project("{FAE04EC0-301F-11D3-BF4B-00C04F79EFBC}") = "Shared", "src\shared\Shared\Shared.csproj", "{17BB5C3C-9BF7-4BFB-9B2F-240BFAB0417A}"
EndProject
Project("{2150E333-8FDC-42A3-9474-1A3956D46DE8}") = "Order&Inventory", "Order&Inventory", "{A97857F9-582A-4F3A-9213-78C0C886A0C7}"
EndProject
Project("{FAE04EC0-301F-11D3-BF4B-00C04F79EFBC}") = "OrderAndInventory.DAL", "src\services\Order&Inventory\OrderAndInventory.DAL\OrderAndInventory.DAL.csproj", "{C0E1E5EB-514F-48B7-8234-0D6FA120D8B3}"
EndProject
Project("{FAE04EC0-301F-11D3-BF4B-00C04F79EFBC}") = "OrderAndInventory.BLL", "src\services\Order&Inventory\OrderAndInventory.BLL\OrderAndInventory.BLL.csproj", "{63890417-3A34-4197-8FEB-B705CF8885AA}"
EndProject
Project("{FAE04EC0-301F-11D3-BF4B-00C04F79EFBC}") = "OrderAndInventory.API", "src\services\Order&Inventory\OrderAndInventory.API\OrderAndInventory.API.csproj", "{50BA6F3A-F9AB-446A-BF72-CD5C52384676}"
EndProject
Project("{2150E333-8FDC-42A3-9474-1A3956D46DE8}") = "BookCatalog", "BookCatalog", "{478D758B-433F-42E6-8797-DD0ECB57FFE8}"
EndProject
Project("{FAE04EC0-301F-11D3-BF4B-00C04F79EFBC}") = "BookCatalog.Domain", "src\services\BookCatalog\BookCatalog.Domain\BookCatalog.Domain.csproj", "{DD6D2E02-8143-4A12-9B5E-0CEF689001BC}"
EndProject
Project("{FAE04EC0-301F-11D3-BF4B-00C04F79EFBC}") = "BookCatalog.Application", "src\services\BookCatalog\BookCatalog.Application\BookCatalog.Application.csproj", "{6862CB75-FAEF-4ED4-B1C7-5A1B4CBA3EDE}"
EndProject
Project("{FAE04EC0-301F-11D3-BF4B-00C04F79EFBC}") = "BookCatalog.Infrastructure", "src\services\BookCatalog\BookCatalog.Infrastructure\BookCatalog.Infrastructure.csproj", "{DCAE3623-4BB9-4865-8736-838C3CAC2B1A}"
EndProject
Project("{FAE04EC0-301F-11D3-BF4B-00C04F79EFBC}") = "BookCatalog.API", "src\services\BookCatalog\BookCatalog.API\BookCatalog.API.csproj", "{53AC4891-CE0F-4ED5-BADA-1B951AD4B097}"
EndProject
Project("{FAE04EC0-301F-11D3-BF4B-00C04F79EFBC}") = "Shared.CQRS", "src\shared\Shared.CQRS\Shared.CQRS.csproj", "{9CFA3E4B-E400-4C8B-BF23-4A1F49E996D4}"
EndProject
Global
	GlobalSection(SolutionConfigurationPlatforms) = preSolution
		Debug|Any CPU = Debug|Any CPU
		Release|Any CPU = Release|Any CPU
	EndGlobalSection
	GlobalSection(SolutionProperties) = preSolution
		HideSolutionNode = FALSE
	EndGlobalSection
	GlobalSection(NestedProjects) = preSolution
		{AE555AE7-2CCE-4D57-8CE3-348D435CE569} = {5372B314-2F3D-4F6B-AAB2-06B54F6FBE47}
		{93354072-1DD2-468C-99DA-C3124CAA8679} = {AE555AE7-2CCE-4D57-8CE3-348D435CE569}
		{4712E4A1-6072-4BF9-A0BA-9AF52A5F6E7B} = {93354072-1DD2-468C-99DA-C3124CAA8679}
		{4D65E41D-CA0C-49CB-A383-1A9BAACF0E55} = {93354072-1DD2-468C-99DA-C3124CAA8679}
		{EE1DBE68-94F9-493A-B943-C4D06C6861ED} = {93354072-1DD2-468C-99DA-C3124CAA8679}
		{CEA723AD-2511-4725-AE34-F6D5BE74E0FB} = {93354072-1DD2-468C-99DA-C3124CAA8679}
		{A207E4FC-4357-479C-963C-0872AE3E66AD} = {5372B314-2F3D-4F6B-AAB2-06B54F6FBE47}
		{17BB5C3C-9BF7-4BFB-9B2F-240BFAB0417A} = {A207E4FC-4357-479C-963C-0872AE3E66AD}
		{A97857F9-582A-4F3A-9213-78C0C886A0C7} = {AE555AE7-2CCE-4D57-8CE3-348D435CE569}
		{C0E1E5EB-514F-48B7-8234-0D6FA120D8B3} = {A97857F9-582A-4F3A-9213-78C0C886A0C7}
		{63890417-3A34-4197-8FEB-B705CF8885AA} = {A97857F9-582A-4F3A-9213-78C0C886A0C7}
		{50BA6F3A-F9AB-446A-BF72-CD5C52384676} = {A97857F9-582A-4F3A-9213-78C0C886A0C7}
		{478D758B-433F-42E6-8797-DD0ECB57FFE8} = {AE555AE7-2CCE-4D57-8CE3-348D435CE569}
		{DD6D2E02-8143-4A12-9B5E-0CEF689001BC} = {478D758B-433F-42E6-8797-DD0ECB57FFE8}
		{6862CB75-FAEF-4ED4-B1C7-5A1B4CBA3EDE} = {478D758B-433F-42E6-8797-DD0ECB57FFE8}
		{DCAE3623-4BB9-4865-8736-838C3CAC2B1A} = {478D758B-433F-42E6-8797-DD0ECB57FFE8}
		{53AC4891-CE0F-4ED5-BADA-1B951AD4B097} = {478D758B-433F-42E6-8797-DD0ECB57FFE8}
		{9CFA3E4B-E400-4C8B-BF23-4A1F49E996D4} = {A207E4FC-4357-479C-963C-0872AE3E66AD}
	EndGlobalSection
	GlobalSection(ProjectConfigurationPlatforms) = postSolution
		{4712E4A1-6072-4BF9-A0BA-9AF52A5F6E7B}.Debug|Any CPU.ActiveCfg = Debug|Any CPU
		{4712E4A1-6072-4BF9-A0BA-9AF52A5F6E7B}.Debug|Any CPU.Build.0 = Debug|Any CPU
		{4712E4A1-6072-4BF9-A0BA-9AF52A5F6E7B}.Release|Any CPU.ActiveCfg = Release|Any CPU
		{4712E4A1-6072-4BF9-A0BA-9AF52A5F6E7B}.Release|Any CPU.Build.0 = Release|Any CPU
		{4D65E41D-CA0C-49CB-A383-1A9BAACF0E55}.Debug|Any CPU.ActiveCfg = Debug|Any CPU
		{4D65E41D-CA0C-49CB-A383-1A9BAACF0E55}.Debug|Any CPU.Build.0 = Debug|Any CPU
		{4D65E41D-CA0C-49CB-A383-1A9BAACF0E55}.Release|Any CPU.ActiveCfg = Release|Any CPU
		{4D65E41D-CA0C-49CB-A383-1A9BAACF0E55}.Release|Any CPU.Build.0 = Release|Any CPU
		{EE1DBE68-94F9-493A-B943-C4D06C6861ED}.Debug|Any CPU.ActiveCfg = Debug|Any CPU
		{EE1DBE68-94F9-493A-B943-C4D06C6861ED}.Debug|Any CPU.Build.0 = Debug|Any CPU
		{EE1DBE68-94F9-493A-B943-C4D06C6861ED}.Release|Any CPU.ActiveCfg = Release|Any CPU
		{EE1DBE68-94F9-493A-B943-C4D06C6861ED}.Release|Any CPU.Build.0 = Release|Any CPU
		{CEA723AD-2511-4725-AE34-F6D5BE74E0FB}.Debug|Any CPU.ActiveCfg = Debug|Any CPU
		{CEA723AD-2511-4725-AE34-F6D5BE74E0FB}.Debug|Any CPU.Build.0 = Debug|Any CPU
		{CEA723AD-2511-4725-AE34-F6D5BE74E0FB}.Release|Any CPU.ActiveCfg = Release|Any CPU
		{CEA723AD-2511-4725-AE34-F6D5BE74E0FB}.Release|Any CPU.Build.0 = Release|Any CPU
		{17BB5C3C-9BF7-4BFB-9B2F-240BFAB0417A}.Debug|Any CPU.ActiveCfg = Debug|Any CPU
		{17BB5C3C-9BF7-4BFB-9B2F-240BFAB0417A}.Debug|Any CPU.Build.0 = Debug|Any CPU
		{17BB5C3C-9BF7-4BFB-9B2F-240BFAB0417A}.Release|Any CPU.ActiveCfg = Release|Any CPU
		{17BB5C3C-9BF7-4BFB-9B2F-240BFAB0417A}.Release|Any CPU.Build.0 = Release|Any CPU
		{C0E1E5EB-514F-48B7-8234-0D6FA120D8B3}.Debug|Any CPU.ActiveCfg = Debug|Any CPU
		{C0E1E5EB-514F-48B7-8234-0D6FA120D8B3}.Debug|Any CPU.Build.0 = Debug|Any CPU
		{C0E1E5EB-514F-48B7-8234-0D6FA120D8B3}.Release|Any CPU.ActiveCfg = Release|Any CPU
		{C0E1E5EB-514F-48B7-8234-0D6FA120D8B3}.Release|Any CPU.Build.0 = Release|Any CPU
		{63890417-3A34-4197-8FEB-B705CF8885AA}.Debug|Any CPU.ActiveCfg = Debug|Any CPU
		{63890417-3A34-4197-8FEB-B705CF8885AA}.Debug|Any CPU.Build.0 = Debug|Any CPU
		{63890417-3A34-4197-8FEB-B705CF8885AA}.Release|Any CPU.ActiveCfg = Release|Any CPU
		{63890417-3A34-4197-8FEB-B705CF8885AA}.Release|Any CPU.Build.0 = Release|Any CPU
		{50BA6F3A-F9AB-446A-BF72-CD5C52384676}.Debug|Any CPU.ActiveCfg = Debug|Any CPU
		{50BA6F3A-F9AB-446A-BF72-CD5C52384676}.Debug|Any CPU.Build.0 = Debug|Any CPU
		{50BA6F3A-F9AB-446A-BF72-CD5C52384676}.Release|Any CPU.ActiveCfg = Release|Any CPU
		{50BA6F3A-F9AB-446A-BF72-CD5C52384676}.Release|Any CPU.Build.0 = Release|Any CPU
		{DD6D2E02-8143-4A12-9B5E-0CEF689001BC}.Debug|Any CPU.ActiveCfg = Debug|Any CPU
		{DD6D2E02-8143-4A12-9B5E-0CEF689001BC}.Debug|Any CPU.Build.0 = Debug|Any CPU
		{DD6D2E02-8143-4A12-9B5E-0CEF689001BC}.Release|Any CPU.ActiveCfg = Release|Any CPU
		{DD6D2E02-8143-4A12-9B5E-0CEF689001BC}.Release|Any CPU.Build.0 = Release|Any CPU
		{6862CB75-FAEF-4ED4-B1C7-5A1B4CBA3EDE}.Debug|Any CPU.ActiveCfg = Debug|Any CPU
		{6862CB75-FAEF-4ED4-B1C7-5A1B4CBA3EDE}.Debug|Any CPU.Build.0 = Debug|Any CPU
		{6862CB75-FAEF-4ED4-B1C7-5A1B4CBA3EDE}.Release|Any CPU.ActiveCfg = Release|Any CPU
		{6862CB75-FAEF-4ED4-B1C7-5A1B4CBA3EDE}.Release|Any CPU.Build.0 = Release|Any CPU
		{DCAE3623-4BB9-4865-8736-838C3CAC2B1A}.Debug|Any CPU.ActiveCfg = Debug|Any CPU
		{DCAE3623-4BB9-4865-8736-838C3CAC2B1A}.Debug|Any CPU.Build.0 = Debug|Any CPU
		{DCAE3623-4BB9-4865-8736-838C3CAC2B1A}.Release|Any CPU.ActiveCfg = Release|Any CPU
		{DCAE3623-4BB9-4865-8736-838C3CAC2B1A}.Release|Any CPU.Build.0 = Release|Any CPU
		{53AC4891-CE0F-4ED5-BADA-1B951AD4B097}.Debug|Any CPU.ActiveCfg = Debug|Any CPU
		{53AC4891-CE0F-4ED5-BADA-1B951AD4B097}.Debug|Any CPU.Build.0 = Debug|Any CPU
		{53AC4891-CE0F-4ED5-BADA-1B951AD4B097}.Release|Any CPU.ActiveCfg = Release|Any CPU
		{53AC4891-CE0F-4ED5-BADA-1B951AD4B097}.Release|Any CPU.Build.0 = Release|Any CPU
		{9CFA3E4B-E400-4C8B-BF23-4A1F49E996D4}.Debug|Any CPU.ActiveCfg = Debug|Any CPU
		{9CFA3E4B-E400-4C8B-BF23-4A1F49E996D4}.Debug|Any CPU.Build.0 = Debug|Any CPU
		{9CFA3E4B-E400-4C8B-BF23-4A1F49E996D4}.Release|Any CPU.ActiveCfg = Release|Any CPU
		{9CFA3E4B-E400-4C8B-BF23-4A1F49E996D4}.Release|Any CPU.Build.0 = Release|Any CPU
	EndGlobalSection
EndGlobal
